// !$*UTF8*$!
{
	archiveVersion = 1;
	classes = {
	};
	objectVersion = 55;
	objects = {

/* Begin PBXBuildFile section */
		D835BE4E28186A980050B8BF /* CardDetailViewController.swift in Sources */ = {isa = PBXBuildFile; fileRef = D835BE4D28186A980050B8BF /* CardDetailViewController.swift */; };
		D835BE5028203FF90050B8BF /* MapViewController.swift in Sources */ = {isa = PBXBuildFile; fileRef = D835BE4F28203FF90050B8BF /* MapViewController.swift */; };
		D835BE5328205C580050B8BF /* UITableViewController+displayingCards.swift in Sources */ = {isa = PBXBuildFile; fileRef = D835BE5228205C580050B8BF /* UITableViewController+displayingCards.swift */; };
		D835BE5528213F5B0050B8BF /* QRCodoGenerationViewController.swift in Sources */ = {isa = PBXBuildFile; fileRef = D835BE5428213F5B0050B8BF /* QRCodoGenerationViewController.swift */; };
		D835BE57282153C20050B8BF /* ScannerViewController.swift in Sources */ = {isa = PBXBuildFile; fileRef = D835BE56282153C20050B8BF /* ScannerViewController.swift */; };
		D835BE5A28216F890050B8BF /* LocationAnnotation.swift in Sources */ = {isa = PBXBuildFile; fileRef = D835BE5928216F890050B8BF /* LocationAnnotation.swift */; };
		D835BE5C282969A60050B8BF /* Contact.swift in Sources */ = {isa = PBXBuildFile; fileRef = D835BE5B282969A60050B8BF /* Contact.swift */; };
		D8C39522282A5ABB002EFAF0 /* Individual.swift in Sources */ = {isa = PBXBuildFile; fileRef = D8C39521282A5ABB002EFAF0 /* Individual.swift */; };
		D8C39526283260E2002EFAF0 /* Company.swift in Sources */ = {isa = PBXBuildFile; fileRef = D8C39525283260E2002EFAF0 /* Company.swift */; };
		D8C39528283270CA002EFAF0 /* CompanyDetailTableViewController.swift in Sources */ = {isa = PBXBuildFile; fileRef = D8C39527283270CA002EFAF0 /* CompanyDetailTableViewController.swift */; };
		D8C39539283FB0A5002EFAF0 /* EditViewController.swift in Sources */ = {isa = PBXBuildFile; fileRef = D8C39538283FB0A5002EFAF0 /* EditViewController.swift */; };
		D8C3953B28402133002EFAF0 /* MenuViewController.swift in Sources */ = {isa = PBXBuildFile; fileRef = D8C3953A28402133002EFAF0 /* MenuViewController.swift */; };
		D8C3953D28454307002EFAF0 /* ResetPasswordViewController.swift in Sources */ = {isa = PBXBuildFile; fileRef = D8C3953C28454307002EFAF0 /* ResetPasswordViewController.swift */; };
		D8C3953F284547DB002EFAF0 /* UIViewController+getReferences.swift in Sources */ = {isa = PBXBuildFile; fileRef = D8C3953E284547DB002EFAF0 /* UIViewController+getReferences.swift */; };
		D8C39541284654FA002EFAF0 /* UpdateDetailsViewController.swift in Sources */ = {isa = PBXBuildFile; fileRef = D8C39540284654FA002EFAF0 /* UpdateDetailsViewController.swift */; };
		D8C395432847BD3A002EFAF0 /* AboutTableViewController.swift in Sources */ = {isa = PBXBuildFile; fileRef = D8C395422847BD3A002EFAF0 /* AboutTableViewController.swift */; };
		D8C395462847CA47002EFAF0 /* DisplayingCards.swift in Sources */ = {isa = PBXBuildFile; fileRef = D8C395452847CA46002EFAF0 /* DisplayingCards.swift */; };
		D8C3954828483EF3002EFAF0 /* CardsListTableViewController.swift in Sources */ = {isa = PBXBuildFile; fileRef = D8C3954728483EF3002EFAF0 /* CardsListTableViewController.swift */; };
		D8C3954B284843A4002EFAF0 /* UIViewControllerExtension.swift in Sources */ = {isa = PBXBuildFile; fileRef = D8C3954A284843A4002EFAF0 /* UIViewControllerExtension.swift */; };
		D8C3954D28485923002EFAF0 /* DetailsTableViewController.swift in Sources */ = {isa = PBXBuildFile; fileRef = D8C3954C28485923002EFAF0 /* DetailsTableViewController.swift */; };
		D8C3954F2848F27A002EFAF0 /* UserDetailViewController.swift in Sources */ = {isa = PBXBuildFile; fileRef = D8C3954E2848F27A002EFAF0 /* UserDetailViewController.swift */; };
		D8C75A3B281529380040A2A2 /* AppDelegate.swift in Sources */ = {isa = PBXBuildFile; fileRef = D8C75A3A281529380040A2A2 /* AppDelegate.swift */; };
		D8C75A3D281529380040A2A2 /* SceneDelegate.swift in Sources */ = {isa = PBXBuildFile; fileRef = D8C75A3C281529380040A2A2 /* SceneDelegate.swift */; };
		D8C75A42281529380040A2A2 /* Main.storyboard in Resources */ = {isa = PBXBuildFile; fileRef = D8C75A40281529380040A2A2 /* Main.storyboard */; };
		D8C75A44281529390040A2A2 /* Assets.xcassets in Resources */ = {isa = PBXBuildFile; fileRef = D8C75A43281529390040A2A2 /* Assets.xcassets */; };
		D8C75A47281529390040A2A2 /* LaunchScreen.storyboard in Resources */ = {isa = PBXBuildFile; fileRef = D8C75A45281529390040A2A2 /* LaunchScreen.storyboard */; };
		D8C75A4F28152A9C0040A2A2 /* GoogleService-Info.plist in Resources */ = {isa = PBXBuildFile; fileRef = D8C75A4E28152A9C0040A2A2 /* GoogleService-Info.plist */; };
		D8C75A5228152B120040A2A2 /* FirebaseAuth in Frameworks */ = {isa = PBXBuildFile; productRef = D8C75A5128152B120040A2A2 /* FirebaseAuth */; };
		D8C75A5428152B120040A2A2 /* FirebaseFirestore in Frameworks */ = {isa = PBXBuildFile; productRef = D8C75A5328152B120040A2A2 /* FirebaseFirestore */; };
		D8C75A5628152B120040A2A2 /* FirebaseFirestoreSwift-Beta in Frameworks */ = {isa = PBXBuildFile; productRef = D8C75A5528152B120040A2A2 /* FirebaseFirestoreSwift-Beta */; };
		D8C75A592815321D0040A2A2 /* MyTableViewController.swift in Sources */ = {isa = PBXBuildFile; fileRef = D8C75A582815321D0040A2A2 /* MyTableViewController.swift */; };
		D8C75A5B281532290040A2A2 /* ContactsTableViewController.swift in Sources */ = {isa = PBXBuildFile; fileRef = D8C75A5A281532290040A2A2 /* ContactsTableViewController.swift */; };
		D8C75A5D281532330040A2A2 /* SearchTableViewController.swift in Sources */ = {isa = PBXBuildFile; fileRef = D8C75A5C281532330040A2A2 /* SearchTableViewController.swift */; };
		D8C75A612815366C0040A2A2 /* NewCardViewController.swift in Sources */ = {isa = PBXBuildFile; fileRef = D8C75A602815366C0040A2A2 /* NewCardViewController.swift */; };
		D8C75A6528153C4E0040A2A2 /* SignInViewController.swift in Sources */ = {isa = PBXBuildFile; fileRef = D8C75A6428153C4E0040A2A2 /* SignInViewController.swift */; };
		D8C75A6728153C570040A2A2 /* SignUpViewController.swift in Sources */ = {isa = PBXBuildFile; fileRef = D8C75A6628153C570040A2A2 /* SignUpViewController.swift */; };
		D8C75A6D281540040040A2A2 /* MulticastDelegate.swift in Sources */ = {isa = PBXBuildFile; fileRef = D8C75A6A281540040040A2A2 /* MulticastDelegate.swift */; };
		D8C75A70281540420040A2A2 /* UIViewController+displayMessage.swift in Sources */ = {isa = PBXBuildFile; fileRef = D8C75A6F281540420040A2A2 /* UIViewController+displayMessage.swift */; };
		D8C75A73281540890040A2A2 /* User.swift in Sources */ = {isa = PBXBuildFile; fileRef = D8C75A72281540890040A2A2 /* User.swift */; };
		D8C75A77281551080040A2A2 /* DatabaseProtocol.swift in Sources */ = {isa = PBXBuildFile; fileRef = D8C75A76281551080040A2A2 /* DatabaseProtocol.swift */; };
		D8C75A792815B2810040A2A2 /* Card.swift in Sources */ = {isa = PBXBuildFile; fileRef = D8C75A782815B2810040A2A2 /* Card.swift */; };
		D8D7B8632817E9280073A97B /* FirebaseController.swift in Sources */ = {isa = PBXBuildFile; fileRef = D8D7B8622817E9280073A97B /* FirebaseController.swift */; };
/* End PBXBuildFile section */

/* Begin PBXFileReference section */
		D835BE4D28186A980050B8BF /* CardDetailViewController.swift */ = {isa = PBXFileReference; lastKnownFileType = sourcecode.swift; path = CardDetailViewController.swift; sourceTree = "<group>"; };
		D835BE4F28203FF90050B8BF /* MapViewController.swift */ = {isa = PBXFileReference; lastKnownFileType = sourcecode.swift; path = MapViewController.swift; sourceTree = "<group>"; };
		D835BE5228205C580050B8BF /* UITableViewController+displayingCards.swift */ = {isa = PBXFileReference; lastKnownFileType = sourcecode.swift; path = "UITableViewController+displayingCards.swift"; sourceTree = "<group>"; };
		D835BE5428213F5B0050B8BF /* QRCodoGenerationViewController.swift */ = {isa = PBXFileReference; lastKnownFileType = sourcecode.swift; path = QRCodoGenerationViewController.swift; sourceTree = "<group>"; };
		D835BE56282153C20050B8BF /* ScannerViewController.swift */ = {isa = PBXFileReference; lastKnownFileType = sourcecode.swift; path = ScannerViewController.swift; sourceTree = "<group>"; };
		D835BE5928216F890050B8BF /* LocationAnnotation.swift */ = {isa = PBXFileReference; lastKnownFileType = sourcecode.swift; path = LocationAnnotation.swift; sourceTree = "<group>"; };
		D835BE5B282969A60050B8BF /* Contact.swift */ = {isa = PBXFileReference; lastKnownFileType = sourcecode.swift; path = Contact.swift; sourceTree = "<group>"; };
		D8C39521282A5ABB002EFAF0 /* Individual.swift */ = {isa = PBXFileReference; lastKnownFileType = sourcecode.swift; path = Individual.swift; sourceTree = "<group>"; };
		D8C39525283260E2002EFAF0 /* Company.swift */ = {isa = PBXFileReference; lastKnownFileType = sourcecode.swift; path = Company.swift; sourceTree = "<group>"; };
		D8C39527283270CA002EFAF0 /* CompanyDetailTableViewController.swift */ = {isa = PBXFileReference; lastKnownFileType = sourcecode.swift; path = CompanyDetailTableViewController.swift; sourceTree = "<group>"; };
		D8C39538283FB0A5002EFAF0 /* EditViewController.swift */ = {isa = PBXFileReference; lastKnownFileType = sourcecode.swift; path = EditViewController.swift; sourceTree = "<group>"; };
		D8C3953A28402133002EFAF0 /* MenuViewController.swift */ = {isa = PBXFileReference; lastKnownFileType = sourcecode.swift; path = MenuViewController.swift; sourceTree = "<group>"; };
		D8C3953C28454307002EFAF0 /* ResetPasswordViewController.swift */ = {isa = PBXFileReference; lastKnownFileType = sourcecode.swift; path = ResetPasswordViewController.swift; sourceTree = "<group>"; };
		D8C3953E284547DB002EFAF0 /* UIViewController+getReferences.swift */ = {isa = PBXFileReference; lastKnownFileType = sourcecode.swift; path = "UIViewController+getReferences.swift"; sourceTree = "<group>"; };
		D8C39540284654FA002EFAF0 /* UpdateDetailsViewController.swift */ = {isa = PBXFileReference; lastKnownFileType = sourcecode.swift; path = UpdateDetailsViewController.swift; sourceTree = "<group>"; };
		D8C395422847BD3A002EFAF0 /* AboutTableViewController.swift */ = {isa = PBXFileReference; lastKnownFileType = sourcecode.swift; path = AboutTableViewController.swift; sourceTree = "<group>"; };
		D8C395452847CA46002EFAF0 /* DisplayingCards.swift */ = {isa = PBXFileReference; lastKnownFileType = sourcecode.swift; path = DisplayingCards.swift; sourceTree = "<group>"; };
		D8C3954728483EF3002EFAF0 /* CardsListTableViewController.swift */ = {isa = PBXFileReference; lastKnownFileType = sourcecode.swift; path = CardsListTableViewController.swift; sourceTree = "<group>"; };
		D8C3954A284843A4002EFAF0 /* UIViewControllerExtension.swift */ = {isa = PBXFileReference; lastKnownFileType = sourcecode.swift; path = UIViewControllerExtension.swift; sourceTree = "<group>"; };
		D8C3954C28485923002EFAF0 /* DetailsTableViewController.swift */ = {isa = PBXFileReference; lastKnownFileType = sourcecode.swift; path = DetailsTableViewController.swift; sourceTree = "<group>"; };
		D8C3954E2848F27A002EFAF0 /* UserDetailViewController.swift */ = {isa = PBXFileReference; lastKnownFileType = sourcecode.swift; path = UserDetailViewController.swift; sourceTree = "<group>"; };
		D8C75A37281529380040A2A2 /* MyCard.app */ = {isa = PBXFileReference; explicitFileType = wrapper.application; includeInIndex = 0; path = MyCard.app; sourceTree = BUILT_PRODUCTS_DIR; };
		D8C75A3A281529380040A2A2 /* AppDelegate.swift */ = {isa = PBXFileReference; lastKnownFileType = sourcecode.swift; path = AppDelegate.swift; sourceTree = "<group>"; };
		D8C75A3C281529380040A2A2 /* SceneDelegate.swift */ = {isa = PBXFileReference; lastKnownFileType = sourcecode.swift; path = SceneDelegate.swift; sourceTree = "<group>"; };
		D8C75A41281529380040A2A2 /* Base */ = {isa = PBXFileReference; lastKnownFileType = file.storyboard; name = Base; path = Base.lproj/Main.storyboard; sourceTree = "<group>"; };
		D8C75A43281529390040A2A2 /* Assets.xcassets */ = {isa = PBXFileReference; lastKnownFileType = folder.assetcatalog; path = Assets.xcassets; sourceTree = "<group>"; };
		D8C75A46281529390040A2A2 /* Base */ = {isa = PBXFileReference; lastKnownFileType = file.storyboard; name = Base; path = Base.lproj/LaunchScreen.storyboard; sourceTree = "<group>"; };
		D8C75A48281529390040A2A2 /* Info.plist */ = {isa = PBXFileReference; lastKnownFileType = text.plist.xml; path = Info.plist; sourceTree = "<group>"; };
		D8C75A4E28152A9C0040A2A2 /* GoogleService-Info.plist */ = {isa = PBXFileReference; fileEncoding = 4; lastKnownFileType = text.plist.xml; path = "GoogleService-Info.plist"; sourceTree = "<group>"; };
		D8C75A582815321D0040A2A2 /* MyTableViewController.swift */ = {isa = PBXFileReference; lastKnownFileType = sourcecode.swift; path = MyTableViewController.swift; sourceTree = "<group>"; };
		D8C75A5A281532290040A2A2 /* ContactsTableViewController.swift */ = {isa = PBXFileReference; lastKnownFileType = sourcecode.swift; path = ContactsTableViewController.swift; sourceTree = "<group>"; };
		D8C75A5C281532330040A2A2 /* SearchTableViewController.swift */ = {isa = PBXFileReference; lastKnownFileType = sourcecode.swift; path = SearchTableViewController.swift; sourceTree = "<group>"; };
		D8C75A602815366C0040A2A2 /* NewCardViewController.swift */ = {isa = PBXFileReference; lastKnownFileType = sourcecode.swift; path = NewCardViewController.swift; sourceTree = "<group>"; };
		D8C75A6428153C4E0040A2A2 /* SignInViewController.swift */ = {isa = PBXFileReference; lastKnownFileType = sourcecode.swift; path = SignInViewController.swift; sourceTree = "<group>"; };
		D8C75A6628153C570040A2A2 /* SignUpViewController.swift */ = {isa = PBXFileReference; lastKnownFileType = sourcecode.swift; path = SignUpViewController.swift; sourceTree = "<group>"; };
		D8C75A6A281540040040A2A2 /* MulticastDelegate.swift */ = {isa = PBXFileReference; fileEncoding = 4; lastKnownFileType = sourcecode.swift; path = MulticastDelegate.swift; sourceTree = "<group>"; };
		D8C75A6F281540420040A2A2 /* UIViewController+displayMessage.swift */ = {isa = PBXFileReference; fileEncoding = 4; lastKnownFileType = sourcecode.swift; path = "UIViewController+displayMessage.swift"; sourceTree = "<group>"; };
		D8C75A72281540890040A2A2 /* User.swift */ = {isa = PBXFileReference; lastKnownFileType = sourcecode.swift; path = User.swift; sourceTree = "<group>"; };
		D8C75A76281551080040A2A2 /* DatabaseProtocol.swift */ = {isa = PBXFileReference; fileEncoding = 4; lastKnownFileType = sourcecode.swift; path = DatabaseProtocol.swift; sourceTree = "<group>"; };
		D8C75A782815B2810040A2A2 /* Card.swift */ = {isa = PBXFileReference; lastKnownFileType = sourcecode.swift; path = Card.swift; sourceTree = "<group>"; };
		D8D7B8622817E9280073A97B /* FirebaseController.swift */ = {isa = PBXFileReference; lastKnownFileType = sourcecode.swift; path = FirebaseController.swift; sourceTree = "<group>"; };
/* End PBXFileReference section */

/* Begin PBXFrameworksBuildPhase section */
		D8C75A34281529380040A2A2 /* Frameworks */ = {
			isa = PBXFrameworksBuildPhase;
			buildActionMask = 2147483647;
			files = (
				D8C75A5628152B120040A2A2 /* FirebaseFirestoreSwift-Beta in Frameworks */,
				D8C75A5228152B120040A2A2 /* FirebaseAuth in Frameworks */,
				D8C75A5428152B120040A2A2 /* FirebaseFirestore in Frameworks */,
			);
			runOnlyForDeploymentPostprocessing = 0;
		};
/* End PBXFrameworksBuildPhase section */

/* Begin PBXGroup section */
		D835BE5128205C020050B8BF /* Extensions */ = {
			isa = PBXGroup;
			children = (
				D8C3954A284843A4002EFAF0 /* UIViewControllerExtension.swift */,
			);
			path = Extensions;
			sourceTree = "<group>";
		};
		D835BE5828216F450050B8BF /* Delegates */ = {
			isa = PBXGroup;
			children = (
				D8C75A3A281529380040A2A2 /* AppDelegate.swift */,
				D8C75A3C281529380040A2A2 /* SceneDelegate.swift */,
			);
			path = Delegates;
			sourceTree = "<group>";
		};
		D8C395442847C69D002EFAF0 /* Model */ = {
			isa = PBXGroup;
			children = (
				D835BE5928216F890050B8BF /* LocationAnnotation.swift */,
				D8C395452847CA46002EFAF0 /* DisplayingCards.swift */,
			);
			path = Model;
			sourceTree = "<group>";
		};
		D8C3954928483F92002EFAF0 /* Deprecated */ = {
			isa = PBXGroup;
			children = (
				D8C39527283270CA002EFAF0 /* CompanyDetailTableViewController.swift */,
				D8C395422847BD3A002EFAF0 /* AboutTableViewController.swift */,
				D8C75A582815321D0040A2A2 /* MyTableViewController.swift */,
				D8C75A5A281532290040A2A2 /* ContactsTableViewController.swift */,
				D8C75A5C281532330040A2A2 /* SearchTableViewController.swift */,
				D835BE5228205C580050B8BF /* UITableViewController+displayingCards.swift */,
				D8C75A6F281540420040A2A2 /* UIViewController+displayMessage.swift */,
				D8C3953E284547DB002EFAF0 /* UIViewController+getReferences.swift */,
				D8C75A6628153C570040A2A2 /* SignUpViewController.swift */,
				D8C39540284654FA002EFAF0 /* UpdateDetailsViewController.swift */,
			);
			path = Deprecated;
			sourceTree = "<group>";
		};
		D8C75A2E281529380040A2A2 = {
			isa = PBXGroup;
			children = (
				D8C75A39281529380040A2A2 /* MyCard */,
				D8C75A38281529380040A2A2 /* Products */,
			);
			sourceTree = "<group>";
		};
		D8C75A38281529380040A2A2 /* Products */ = {
			isa = PBXGroup;
			children = (
				D8C75A37281529380040A2A2 /* MyCard.app */,
			);
			name = Products;
			sourceTree = "<group>";
		};
		D8C75A39281529380040A2A2 /* MyCard */ = {
			isa = PBXGroup;
			children = (
				D8C3954928483F92002EFAF0 /* Deprecated */,
				D8C395442847C69D002EFAF0 /* Model */,
				D835BE5828216F450050B8BF /* Delegates */,
				D835BE5128205C020050B8BF /* Extensions */,
				D8C75A71281540740040A2A2 /* DataModel */,
				D8C75A6828153FE70040A2A2 /* Database */,
				D8C75A57281531FE0040A2A2 /* ViewControllers */,
				D8C75A40281529380040A2A2 /* Main.storyboard */,
				D8C75A43281529390040A2A2 /* Assets.xcassets */,
				D8C75A45281529390040A2A2 /* LaunchScreen.storyboard */,
				D8C75A48281529390040A2A2 /* Info.plist */,
				D8C75A4E28152A9C0040A2A2 /* GoogleService-Info.plist */,
			);
			path = MyCard;
			sourceTree = "<group>";
		};
		D8C75A57281531FE0040A2A2 /* ViewControllers */ = {
			isa = PBXGroup;
			children = (
				D8C75A602815366C0040A2A2 /* NewCardViewController.swift */,
				D8C75A6428153C4E0040A2A2 /* SignInViewController.swift */,
				D835BE4D28186A980050B8BF /* CardDetailViewController.swift */,
				D835BE4F28203FF90050B8BF /* MapViewController.swift */,
				D835BE5428213F5B0050B8BF /* QRCodoGenerationViewController.swift */,
				D835BE56282153C20050B8BF /* ScannerViewController.swift */,
				D8C39538283FB0A5002EFAF0 /* EditViewController.swift */,
				D8C3953A28402133002EFAF0 /* MenuViewController.swift */,
				D8C3953C28454307002EFAF0 /* ResetPasswordViewController.swift */,
				D8C3954728483EF3002EFAF0 /* CardsListTableViewController.swift */,
				D8C3954C28485923002EFAF0 /* DetailsTableViewController.swift */,
				D8C3954E2848F27A002EFAF0 /* UserDetailViewController.swift */,
			);
			path = ViewControllers;
			sourceTree = "<group>";
		};
		D8C75A6828153FE70040A2A2 /* Database */ = {
			isa = PBXGroup;
			children = (
				D8C75A6A281540040040A2A2 /* MulticastDelegate.swift */,
				D8C75A76281551080040A2A2 /* DatabaseProtocol.swift */,
				D8D7B8622817E9280073A97B /* FirebaseController.swift */,
			);
			path = Database;
			sourceTree = "<group>";
		};
		D8C75A71281540740040A2A2 /* DataModel */ = {
			isa = PBXGroup;
			children = (
				D8C75A72281540890040A2A2 /* User.swift */,
				D8C75A782815B2810040A2A2 /* Card.swift */,
				D835BE5B282969A60050B8BF /* Contact.swift */,
				D8C39521282A5ABB002EFAF0 /* Individual.swift */,
				D8C39525283260E2002EFAF0 /* Company.swift */,
			);
			path = DataModel;
			sourceTree = "<group>";
		};
/* End PBXGroup section */

/* Begin PBXNativeTarget section */
		D8C75A36281529380040A2A2 /* MyCard */ = {
			isa = PBXNativeTarget;
			buildConfigurationList = D8C75A4B281529390040A2A2 /* Build configuration list for PBXNativeTarget "MyCard" */;
			buildPhases = (
				D8C75A33281529380040A2A2 /* Sources */,
				D8C75A34281529380040A2A2 /* Frameworks */,
				D8C75A35281529380040A2A2 /* Resources */,
			);
			buildRules = (
			);
			dependencies = (
			);
			name = MyCard;
			packageProductDependencies = (
				D8C75A5128152B120040A2A2 /* FirebaseAuth */,
				D8C75A5328152B120040A2A2 /* FirebaseFirestore */,
				D8C75A5528152B120040A2A2 /* FirebaseFirestoreSwift-Beta */,
			);
			productName = MyCard;
			productReference = D8C75A37281529380040A2A2 /* MyCard.app */;
			productType = "com.apple.product-type.application";
		};
/* End PBXNativeTarget section */

/* Begin PBXProject section */
		D8C75A2F281529380040A2A2 /* Project object */ = {
			isa = PBXProject;
			attributes = {
				BuildIndependentTargetsInParallel = 1;
				LastSwiftUpdateCheck = 1320;
				LastUpgradeCheck = 1320;
				TargetAttributes = {
					D8C75A36281529380040A2A2 = {
						CreatedOnToolsVersion = 13.2.1;
					};
				};
			};
			buildConfigurationList = D8C75A32281529380040A2A2 /* Build configuration list for PBXProject "MyCard" */;
			compatibilityVersion = "Xcode 13.0";
			developmentRegion = en;
			hasScannedForEncodings = 0;
			knownRegions = (
				en,
				Base,
			);
			mainGroup = D8C75A2E281529380040A2A2;
			packageReferences = (
				D8C75A5028152B120040A2A2 /* XCRemoteSwiftPackageReference "firebase-ios-sdk" */,
			);
			productRefGroup = D8C75A38281529380040A2A2 /* Products */;
			projectDirPath = "";
			projectRoot = "";
			targets = (
				D8C75A36281529380040A2A2 /* MyCard */,
			);
		};
/* End PBXProject section */

/* Begin PBXResourcesBuildPhase section */
		D8C75A35281529380040A2A2 /* Resources */ = {
			isa = PBXResourcesBuildPhase;
			buildActionMask = 2147483647;
			files = (
				D8C75A47281529390040A2A2 /* LaunchScreen.storyboard in Resources */,
				D8C75A4F28152A9C0040A2A2 /* GoogleService-Info.plist in Resources */,
				D8C75A44281529390040A2A2 /* Assets.xcassets in Resources */,
				D8C75A42281529380040A2A2 /* Main.storyboard in Resources */,
			);
			runOnlyForDeploymentPostprocessing = 0;
		};
/* End PBXResourcesBuildPhase section */

/* Begin PBXSourcesBuildPhase section */
		D8C75A33281529380040A2A2 /* Sources */ = {
			isa = PBXSourcesBuildPhase;
			buildActionMask = 2147483647;
			files = (
				D8C39541284654FA002EFAF0 /* UpdateDetailsViewController.swift in Sources */,
				D8C3954828483EF3002EFAF0 /* CardsListTableViewController.swift in Sources */,
				D8C75A73281540890040A2A2 /* User.swift in Sources */,
				D8C75A612815366C0040A2A2 /* NewCardViewController.swift in Sources */,
				D8C3953F284547DB002EFAF0 /* UIViewController+getReferences.swift in Sources */,
				D8C395432847BD3A002EFAF0 /* AboutTableViewController.swift in Sources */,
				D8C75A5D281532330040A2A2 /* SearchTableViewController.swift in Sources */,
				D835BE5328205C580050B8BF /* UITableViewController+displayingCards.swift in Sources */,
				D835BE5528213F5B0050B8BF /* QRCodoGenerationViewController.swift in Sources */,
				D835BE5C282969A60050B8BF /* Contact.swift in Sources */,
				D835BE57282153C20050B8BF /* ScannerViewController.swift in Sources */,
				D8C39526283260E2002EFAF0 /* Company.swift in Sources */,
				D8C75A6728153C570040A2A2 /* SignUpViewController.swift in Sources */,
				D8C75A3B281529380040A2A2 /* AppDelegate.swift in Sources */,
				D8C75A6528153C4E0040A2A2 /* SignInViewController.swift in Sources */,
				D8C39522282A5ABB002EFAF0 /* Individual.swift in Sources */,
				D8D7B8632817E9280073A97B /* FirebaseController.swift in Sources */,
				D835BE5A28216F890050B8BF /* LocationAnnotation.swift in Sources */,
				D8C3954D28485923002EFAF0 /* DetailsTableViewController.swift in Sources */,
				D8C75A5B281532290040A2A2 /* ContactsTableViewController.swift in Sources */,
				D8C75A3D281529380040A2A2 /* SceneDelegate.swift in Sources */,
				D8C3954F2848F27A002EFAF0 /* UserDetailViewController.swift in Sources */,
				D8C3954B284843A4002EFAF0 /* UIViewControllerExtension.swift in Sources */,
				D8C39528283270CA002EFAF0 /* CompanyDetailTableViewController.swift in Sources */,
				D8C75A592815321D0040A2A2 /* MyTableViewController.swift in Sources */,
				D8C75A6D281540040040A2A2 /* MulticastDelegate.swift in Sources */,
				D835BE5028203FF90050B8BF /* MapViewController.swift in Sources */,
				D835BE4E28186A980050B8BF /* CardDetailViewController.swift in Sources */,
				D8C3953B28402133002EFAF0 /* MenuViewController.swift in Sources */,
				D8C75A70281540420040A2A2 /* UIViewController+displayMessage.swift in Sources */,
				D8C75A77281551080040A2A2 /* DatabaseProtocol.swift in Sources */,
				D8C75A792815B2810040A2A2 /* Card.swift in Sources */,
				D8C39539283FB0A5002EFAF0 /* EditViewController.swift in Sources */,
				D8C395462847CA47002EFAF0 /* DisplayingCards.swift in Sources */,
				D8C3953D28454307002EFAF0 /* ResetPasswordViewController.swift in Sources */,
			);
			runOnlyForDeploymentPostprocessing = 0;
		};
/* End PBXSourcesBuildPhase section */

/* Begin PBXVariantGroup section */
		D8C75A40281529380040A2A2 /* Main.storyboard */ = {
			isa = PBXVariantGroup;
			children = (
				D8C75A41281529380040A2A2 /* Base */,
			);
			name = Main.storyboard;
			sourceTree = "<group>";
		};
		D8C75A45281529390040A2A2 /* LaunchScreen.storyboard */ = {
			isa = PBXVariantGroup;
			children = (
				D8C75A46281529390040A2A2 /* Base */,
			);
			name = LaunchScreen.storyboard;
			sourceTree = "<group>";
		};
/* End PBXVariantGroup section */

/* Begin XCBuildConfiguration section */
		D8C75A49281529390040A2A2 /* Debug */ = {
			isa = XCBuildConfiguration;
			buildSettings = {
				ALWAYS_SEARCH_USER_PATHS = NO;
				CLANG_ANALYZER_NONNULL = YES;
				CLANG_ANALYZER_NUMBER_OBJECT_CONVERSION = YES_AGGRESSIVE;
				CLANG_CXX_LANGUAGE_STANDARD = "gnu++17";
				CLANG_CXX_LIBRARY = "libc++";
				CLANG_ENABLE_MODULES = YES;
				CLANG_ENABLE_OBJC_ARC = YES;
				CLANG_ENABLE_OBJC_WEAK = YES;
				CLANG_WARN_BLOCK_CAPTURE_AUTORELEASING = YES;
				CLANG_WARN_BOOL_CONVERSION = YES;
				CLANG_WARN_COMMA = YES;
				CLANG_WARN_CONSTANT_CONVERSION = YES;
				CLANG_WARN_DEPRECATED_OBJC_IMPLEMENTATIONS = YES;
				CLANG_WARN_DIRECT_OBJC_ISA_USAGE = YES_ERROR;
				CLANG_WARN_DOCUMENTATION_COMMENTS = YES;
				CLANG_WARN_EMPTY_BODY = YES;
				CLANG_WARN_ENUM_CONVERSION = YES;
				CLANG_WARN_INFINITE_RECURSION = YES;
				CLANG_WARN_INT_CONVERSION = YES;
				CLANG_WARN_NON_LITERAL_NULL_CONVERSION = YES;
				CLANG_WARN_OBJC_IMPLICIT_RETAIN_SELF = YES;
				CLANG_WARN_OBJC_LITERAL_CONVERSION = YES;
				CLANG_WARN_OBJC_ROOT_CLASS = YES_ERROR;
				CLANG_WARN_QUOTED_INCLUDE_IN_FRAMEWORK_HEADER = YES;
				CLANG_WARN_RANGE_LOOP_ANALYSIS = YES;
				CLANG_WARN_STRICT_PROTOTYPES = YES;
				CLANG_WARN_SUSPICIOUS_MOVE = YES;
				CLANG_WARN_UNGUARDED_AVAILABILITY = YES_AGGRESSIVE;
				CLANG_WARN_UNREACHABLE_CODE = YES;
				CLANG_WARN__DUPLICATE_METHOD_MATCH = YES;
				COPY_PHASE_STRIP = NO;
				DEBUG_INFORMATION_FORMAT = dwarf;
				ENABLE_STRICT_OBJC_MSGSEND = YES;
				ENABLE_TESTABILITY = YES;
				GCC_C_LANGUAGE_STANDARD = gnu11;
				GCC_DYNAMIC_NO_PIC = NO;
				GCC_NO_COMMON_BLOCKS = YES;
				GCC_OPTIMIZATION_LEVEL = 0;
				GCC_PREPROCESSOR_DEFINITIONS = (
					"DEBUG=1",
					"$(inherited)",
				);
				GCC_WARN_64_TO_32_BIT_CONVERSION = YES;
				GCC_WARN_ABOUT_RETURN_TYPE = YES_ERROR;
				GCC_WARN_UNDECLARED_SELECTOR = YES;
				GCC_WARN_UNINITIALIZED_AUTOS = YES_AGGRESSIVE;
				GCC_WARN_UNUSED_FUNCTION = YES;
				GCC_WARN_UNUSED_VARIABLE = YES;
				IPHONEOS_DEPLOYMENT_TARGET = 15.2;
				MTL_ENABLE_DEBUG_INFO = INCLUDE_SOURCE;
				MTL_FAST_MATH = YES;
				ONLY_ACTIVE_ARCH = YES;
				SDKROOT = iphoneos;
				SWIFT_ACTIVE_COMPILATION_CONDITIONS = DEBUG;
				SWIFT_OPTIMIZATION_LEVEL = "-Onone";
			};
			name = Debug;
		};
		D8C75A4A281529390040A2A2 /* Release */ = {
			isa = XCBuildConfiguration;
			buildSettings = {
				ALWAYS_SEARCH_USER_PATHS = NO;
				CLANG_ANALYZER_NONNULL = YES;
				CLANG_ANALYZER_NUMBER_OBJECT_CONVERSION = YES_AGGRESSIVE;
				CLANG_CXX_LANGUAGE_STANDARD = "gnu++17";
				CLANG_CXX_LIBRARY = "libc++";
				CLANG_ENABLE_MODULES = YES;
				CLANG_ENABLE_OBJC_ARC = YES;
				CLANG_ENABLE_OBJC_WEAK = YES;
				CLANG_WARN_BLOCK_CAPTURE_AUTORELEASING = YES;
				CLANG_WARN_BOOL_CONVERSION = YES;
				CLANG_WARN_COMMA = YES;
				CLANG_WARN_CONSTANT_CONVERSION = YES;
				CLANG_WARN_DEPRECATED_OBJC_IMPLEMENTATIONS = YES;
				CLANG_WARN_DIRECT_OBJC_ISA_USAGE = YES_ERROR;
				CLANG_WARN_DOCUMENTATION_COMMENTS = YES;
				CLANG_WARN_EMPTY_BODY = YES;
				CLANG_WARN_ENUM_CONVERSION = YES;
				CLANG_WARN_INFINITE_RECURSION = YES;
				CLANG_WARN_INT_CONVERSION = YES;
				CLANG_WARN_NON_LITERAL_NULL_CONVERSION = YES;
				CLANG_WARN_OBJC_IMPLICIT_RETAIN_SELF = YES;
				CLANG_WARN_OBJC_LITERAL_CONVERSION = YES;
				CLANG_WARN_OBJC_ROOT_CLASS = YES_ERROR;
				CLANG_WARN_QUOTED_INCLUDE_IN_FRAMEWORK_HEADER = YES;
				CLANG_WARN_RANGE_LOOP_ANALYSIS = YES;
				CLANG_WARN_STRICT_PROTOTYPES = YES;
				CLANG_WARN_SUSPICIOUS_MOVE = YES;
				CLANG_WARN_UNGUARDED_AVAILABILITY = YES_AGGRESSIVE;
				CLANG_WARN_UNREACHABLE_CODE = YES;
				CLANG_WARN__DUPLICATE_METHOD_MATCH = YES;
				COPY_PHASE_STRIP = NO;
				DEBUG_INFORMATION_FORMAT = "dwarf-with-dsym";
				ENABLE_NS_ASSERTIONS = NO;
				ENABLE_STRICT_OBJC_MSGSEND = YES;
				GCC_C_LANGUAGE_STANDARD = gnu11;
				GCC_NO_COMMON_BLOCKS = YES;
				GCC_WARN_64_TO_32_BIT_CONVERSION = YES;
				GCC_WARN_ABOUT_RETURN_TYPE = YES_ERROR;
				GCC_WARN_UNDECLARED_SELECTOR = YES;
				GCC_WARN_UNINITIALIZED_AUTOS = YES_AGGRESSIVE;
				GCC_WARN_UNUSED_FUNCTION = YES;
				GCC_WARN_UNUSED_VARIABLE = YES;
				IPHONEOS_DEPLOYMENT_TARGET = 15.2;
				MTL_ENABLE_DEBUG_INFO = NO;
				MTL_FAST_MATH = YES;
				SDKROOT = iphoneos;
				SWIFT_COMPILATION_MODE = wholemodule;
				SWIFT_OPTIMIZATION_LEVEL = "-O";
				VALIDATE_PRODUCT = YES;
			};
			name = Release;
		};
		D8C75A4C281529390040A2A2 /* Debug */ = {
			isa = XCBuildConfiguration;
			buildSettings = {
				ASSETCATALOG_COMPILER_APPICON_NAME = AppIcon;
				ASSETCATALOG_COMPILER_GLOBAL_ACCENT_COLOR_NAME = AccentColor;
				CODE_SIGN_STYLE = Automatic;
				CURRENT_PROJECT_VERSION = 1;
				DEVELOPMENT_TEAM = A5Z57HPK6V;
				GENERATE_INFOPLIST_FILE = YES;
				INFOPLIST_FILE = MyCard/Info.plist;
				INFOPLIST_KEY_UIApplicationSupportsIndirectInputEvents = YES;
				INFOPLIST_KEY_UILaunchStoryboardName = LaunchScreen;
				INFOPLIST_KEY_UIMainStoryboardFile = Main;
				INFOPLIST_KEY_UISupportedInterfaceOrientations_iPad = "UIInterfaceOrientationPortrait UIInterfaceOrientationPortraitUpsideDown UIInterfaceOrientationLandscapeLeft UIInterfaceOrientationLandscapeRight";
				INFOPLIST_KEY_UISupportedInterfaceOrientations_iPhone = "UIInterfaceOrientationPortrait UIInterfaceOrientationLandscapeLeft UIInterfaceOrientationLandscapeRight";
				LD_RUNPATH_SEARCH_PATHS = (
					"$(inherited)",
					"@executable_path/Frameworks",
				);
				MARKETING_VERSION = 1.0;
				PRODUCT_BUNDLE_IDENTIFIER = com.monash.MyCard;
				PRODUCT_NAME = "$(TARGET_NAME)";
				SWIFT_EMIT_LOC_STRINGS = YES;
				SWIFT_VERSION = 5.0;
				TARGETED_DEVICE_FAMILY = "1,2";
			};
			name = Debug;
		};
		D8C75A4D281529390040A2A2 /* Release */ = {
			isa = XCBuildConfiguration;
			buildSettings = {
				ASSETCATALOG_COMPILER_APPICON_NAME = AppIcon;
				ASSETCATALOG_COMPILER_GLOBAL_ACCENT_COLOR_NAME = AccentColor;
				CODE_SIGN_STYLE = Automatic;
				CURRENT_PROJECT_VERSION = 1;
				DEVELOPMENT_TEAM = A5Z57HPK6V;
				GENERATE_INFOPLIST_FILE = YES;
				INFOPLIST_FILE = MyCard/Info.plist;
				INFOPLIST_KEY_UIApplicationSupportsIndirectInputEvents = YES;
				INFOPLIST_KEY_UILaunchStoryboardName = LaunchScreen;
				INFOPLIST_KEY_UIMainStoryboardFile = Main;
				INFOPLIST_KEY_UISupportedInterfaceOrientations_iPad = "UIInterfaceOrientationPortrait UIInterfaceOrientationPortraitUpsideDown UIInterfaceOrientationLandscapeLeft UIInterfaceOrientationLandscapeRight";
				INFOPLIST_KEY_UISupportedInterfaceOrientations_iPhone = "UIInterfaceOrientationPortrait UIInterfaceOrientationLandscapeLeft UIInterfaceOrientationLandscapeRight";
				LD_RUNPATH_SEARCH_PATHS = (
					"$(inherited)",
					"@executable_path/Frameworks",
				);
				MARKETING_VERSION = 1.0;
				PRODUCT_BUNDLE_IDENTIFIER = com.monash.MyCard;
				PRODUCT_NAME = "$(TARGET_NAME)";
				SWIFT_EMIT_LOC_STRINGS = YES;
				SWIFT_VERSION = 5.0;
				TARGETED_DEVICE_FAMILY = "1,2";
			};
			name = Release;
		};
/* End XCBuildConfiguration section */

/* Begin XCConfigurationList section */
		D8C75A32281529380040A2A2 /* Build configuration list for PBXProject "MyCard" */ = {
			isa = XCConfigurationList;
			buildConfigurations = (
				D8C75A49281529390040A2A2 /* Debug */,
				D8C75A4A281529390040A2A2 /* Release */,
			);
			defaultConfigurationIsVisible = 0;
			defaultConfigurationName = Release;
		};
		D8C75A4B281529390040A2A2 /* Build configuration list for PBXNativeTarget "MyCard" */ = {
			isa = XCConfigurationList;
			buildConfigurations = (
				D8C75A4C281529390040A2A2 /* Debug */,
				D8C75A4D281529390040A2A2 /* Release */,
			);
			defaultConfigurationIsVisible = 0;
			defaultConfigurationName = Release;
		};
/* End XCConfigurationList section */

/* Begin XCRemoteSwiftPackageReference section */
		D8C75A5028152B120040A2A2 /* XCRemoteSwiftPackageReference "firebase-ios-sdk" */ = {
			isa = XCRemoteSwiftPackageReference;
			repositoryURL = "https://github.com/firebase/firebase-ios-sdk";
			requirement = {
				kind = upToNextMajorVersion;
				minimumVersion = 8.0.0;
			};
		};
/* End XCRemoteSwiftPackageReference section */

/* Begin XCSwiftPackageProductDependency section */
		D8C75A5128152B120040A2A2 /* FirebaseAuth */ = {
			isa = XCSwiftPackageProductDependency;
			package = D8C75A5028152B120040A2A2 /* XCRemoteSwiftPackageReference "firebase-ios-sdk" */;
			productName = FirebaseAuth;
		};
		D8C75A5328152B120040A2A2 /* FirebaseFirestore */ = {
			isa = XCSwiftPackageProductDependency;
			package = D8C75A5028152B120040A2A2 /* XCRemoteSwiftPackageReference "firebase-ios-sdk" */;
			productName = FirebaseFirestore;
		};
		D8C75A5528152B120040A2A2 /* FirebaseFirestoreSwift-Beta */ = {
			isa = XCSwiftPackageProductDependency;
			package = D8C75A5028152B120040A2A2 /* XCRemoteSwiftPackageReference "firebase-ios-sdk" */;
			productName = "FirebaseFirestoreSwift-Beta";
		};
/* End XCSwiftPackageProductDependency section */
	};
	rootObject = D8C75A2F281529380040A2A2 /* Project object */;
}
